// !$*UTF8*$!
{
	archiveVersion = 1;
	classes = {
	};
	objectVersion = 56;
	objects = {

/* Begin PBXBuildFile section */
		925A1B882BA8692700787419 /* TCANavigationApp.swift in Sources */ = {isa = PBXBuildFile; fileRef = 925A1B872BA8692700787419 /* TCANavigationApp.swift */; };
		925A1B8A2BA8692700787419 /* AppView.swift in Sources */ = {isa = PBXBuildFile; fileRef = 925A1B892BA8692700787419 /* AppView.swift */; };
		925A1B8C2BA8692800787419 /* Assets.xcassets in Resources */ = {isa = PBXBuildFile; fileRef = 925A1B8B2BA8692800787419 /* Assets.xcassets */; };
		925A1B902BA8692800787419 /* Preview Assets.xcassets in Resources */ = {isa = PBXBuildFile; fileRef = 925A1B8F2BA8692800787419 /* Preview Assets.xcassets */; };
		925A1B9A2BA8692900787419 /* TCANavigationTests.swift in Sources */ = {isa = PBXBuildFile; fileRef = 925A1B992BA8692900787419 /* TCANavigationTests.swift */; };
		925A1BA42BA8692900787419 /* TCANavigationUITests.swift in Sources */ = {isa = PBXBuildFile; fileRef = 925A1BA32BA8692900787419 /* TCANavigationUITests.swift */; };
		925A1BA62BA8692900787419 /* TCANavigationUITestsLaunchTests.swift in Sources */ = {isa = PBXBuildFile; fileRef = 925A1BA52BA8692900787419 /* TCANavigationUITestsLaunchTests.swift */; };
		925A1BB42BA86A6F00787419 /* ComposableArchitecture in Frameworks */ = {isa = PBXBuildFile; productRef = 925A1BB32BA86A6F00787419 /* ComposableArchitecture */; };
		925A1BB62BA86B9100787419 /* AppFeature.swift in Sources */ = {isa = PBXBuildFile; fileRef = 925A1BB52BA86B9100787419 /* AppFeature.swift */; };
		925A1BB82BA8766E00787419 /* FirstTreeView.swift in Sources */ = {isa = PBXBuildFile; fileRef = 925A1BB72BA8766E00787419 /* FirstTreeView.swift */; };
		925A1BBB2BA8769900787419 /* FirstTreeFeature.swift in Sources */ = {isa = PBXBuildFile; fileRef = 925A1BBA2BA8769900787419 /* FirstTreeFeature.swift */; };
		925A1BBD2BA876A800787419 /* SecondTreeView.swift in Sources */ = {isa = PBXBuildFile; fileRef = 925A1BBC2BA876A800787419 /* SecondTreeView.swift */; };
		925A1BBF2BA876B200787419 /* SecondTreeFeature.swift in Sources */ = {isa = PBXBuildFile; fileRef = 925A1BBE2BA876B200787419 /* SecondTreeFeature.swift */; };
		92846B302BA93C220069BF38 /* FirstStackView.swift in Sources */ = {isa = PBXBuildFile; fileRef = 92846B2F2BA93C220069BF38 /* FirstStackView.swift */; };
		92846B322BA93C320069BF38 /* FirstStackFeature.swift in Sources */ = {isa = PBXBuildFile; fileRef = 92846B312BA93C320069BF38 /* FirstStackFeature.swift */; };
		92846B342BA93C400069BF38 /* SecondStackView.swift in Sources */ = {isa = PBXBuildFile; fileRef = 92846B332BA93C400069BF38 /* SecondStackView.swift */; };
		92846B362BA93C4D0069BF38 /* SecondStackFeature.swift in Sources */ = {isa = PBXBuildFile; fileRef = 92846B352BA93C4D0069BF38 /* SecondStackFeature.swift */; };
/* End PBXBuildFile section */

/* Begin PBXContainerItemProxy section */
		925A1B962BA8692900787419 /* PBXContainerItemProxy */ = {
			isa = PBXContainerItemProxy;
			containerPortal = 925A1B7C2BA8692700787419 /* Project object */;
			proxyType = 1;
			remoteGlobalIDString = 925A1B832BA8692700787419;
			remoteInfo = TCANavigation;
		};
		925A1BA02BA8692900787419 /* PBXContainerItemProxy */ = {
			isa = PBXContainerItemProxy;
			containerPortal = 925A1B7C2BA8692700787419 /* Project object */;
			proxyType = 1;
			remoteGlobalIDString = 925A1B832BA8692700787419;
			remoteInfo = TCANavigation;
		};
/* End PBXContainerItemProxy section */

/* Begin PBXFileReference section */
		925A1B842BA8692700787419 /* TCANavigation.app */ = {isa = PBXFileReference; explicitFileType = wrapper.application; includeInIndex = 0; path = TCANavigation.app; sourceTree = BUILT_PRODUCTS_DIR; };
		925A1B872BA8692700787419 /* TCANavigationApp.swift */ = {isa = PBXFileReference; lastKnownFileType = sourcecode.swift; path = TCANavigationApp.swift; sourceTree = "<group>"; };
		925A1B892BA8692700787419 /* AppView.swift */ = {isa = PBXFileReference; lastKnownFileType = sourcecode.swift; path = AppView.swift; sourceTree = "<group>"; };
		925A1B8B2BA8692800787419 /* Assets.xcassets */ = {isa = PBXFileReference; lastKnownFileType = folder.assetcatalog; path = Assets.xcassets; sourceTree = "<group>"; };
		925A1B8D2BA8692800787419 /* TCANavigation.entitlements */ = {isa = PBXFileReference; lastKnownFileType = text.plist.entitlements; path = TCANavigation.entitlements; sourceTree = "<group>"; };
		925A1B8F2BA8692800787419 /* Preview Assets.xcassets */ = {isa = PBXFileReference; lastKnownFileType = folder.assetcatalog; path = "Preview Assets.xcassets"; sourceTree = "<group>"; };
		925A1B952BA8692900787419 /* TCANavigationTests.xctest */ = {isa = PBXFileReference; explicitFileType = wrapper.cfbundle; includeInIndex = 0; path = TCANavigationTests.xctest; sourceTree = BUILT_PRODUCTS_DIR; };
		925A1B992BA8692900787419 /* TCANavigationTests.swift */ = {isa = PBXFileReference; lastKnownFileType = sourcecode.swift; path = TCANavigationTests.swift; sourceTree = "<group>"; };
		925A1B9F2BA8692900787419 /* TCANavigationUITests.xctest */ = {isa = PBXFileReference; explicitFileType = wrapper.cfbundle; includeInIndex = 0; path = TCANavigationUITests.xctest; sourceTree = BUILT_PRODUCTS_DIR; };
		925A1BA32BA8692900787419 /* TCANavigationUITests.swift */ = {isa = PBXFileReference; lastKnownFileType = sourcecode.swift; path = TCANavigationUITests.swift; sourceTree = "<group>"; };
		925A1BA52BA8692900787419 /* TCANavigationUITestsLaunchTests.swift */ = {isa = PBXFileReference; lastKnownFileType = sourcecode.swift; path = TCANavigationUITestsLaunchTests.swift; sourceTree = "<group>"; };
		925A1BB52BA86B9100787419 /* AppFeature.swift */ = {isa = PBXFileReference; lastKnownFileType = sourcecode.swift; path = AppFeature.swift; sourceTree = "<group>"; };
		925A1BB72BA8766E00787419 /* FirstTreeView.swift */ = {isa = PBXFileReference; lastKnownFileType = sourcecode.swift; path = FirstTreeView.swift; sourceTree = "<group>"; };
		925A1BBA2BA8769900787419 /* FirstTreeFeature.swift */ = {isa = PBXFileReference; lastKnownFileType = sourcecode.swift; path = FirstTreeFeature.swift; sourceTree = "<group>"; };
		925A1BBC2BA876A800787419 /* SecondTreeView.swift */ = {isa = PBXFileReference; lastKnownFileType = sourcecode.swift; path = SecondTreeView.swift; sourceTree = "<group>"; };
		925A1BBE2BA876B200787419 /* SecondTreeFeature.swift */ = {isa = PBXFileReference; lastKnownFileType = sourcecode.swift; path = SecondTreeFeature.swift; sourceTree = "<group>"; };
		92846B2F2BA93C220069BF38 /* FirstStackView.swift */ = {isa = PBXFileReference; lastKnownFileType = sourcecode.swift; path = FirstStackView.swift; sourceTree = "<group>"; };
		92846B312BA93C320069BF38 /* FirstStackFeature.swift */ = {isa = PBXFileReference; lastKnownFileType = sourcecode.swift; path = FirstStackFeature.swift; sourceTree = "<group>"; };
		92846B332BA93C400069BF38 /* SecondStackView.swift */ = {isa = PBXFileReference; lastKnownFileType = sourcecode.swift; path = SecondStackView.swift; sourceTree = "<group>"; };
		92846B352BA93C4D0069BF38 /* SecondStackFeature.swift */ = {isa = PBXFileReference; lastKnownFileType = sourcecode.swift; path = SecondStackFeature.swift; sourceTree = "<group>"; };
/* End PBXFileReference section */

/* Begin PBXFrameworksBuildPhase section */
		925A1B812BA8692700787419 /* Frameworks */ = {
			isa = PBXFrameworksBuildPhase;
			buildActionMask = 2147483647;
			files = (
				925A1BB42BA86A6F00787419 /* ComposableArchitecture in Frameworks */,
			);
			runOnlyForDeploymentPostprocessing = 0;
		};
		925A1B922BA8692900787419 /* Frameworks */ = {
			isa = PBXFrameworksBuildPhase;
			buildActionMask = 2147483647;
			files = (
			);
			runOnlyForDeploymentPostprocessing = 0;
		};
		925A1B9C2BA8692900787419 /* Frameworks */ = {
			isa = PBXFrameworksBuildPhase;
			buildActionMask = 2147483647;
			files = (
			);
			runOnlyForDeploymentPostprocessing = 0;
		};
/* End PBXFrameworksBuildPhase section */

/* Begin PBXGroup section */
		925A1B7B2BA8692700787419 = {
			isa = PBXGroup;
			children = (
				925A1B862BA8692700787419 /* TCANavigation */,
				925A1B982BA8692900787419 /* TCANavigationTests */,
				925A1BA22BA8692900787419 /* TCANavigationUITests */,
				925A1B852BA8692700787419 /* Products */,
			);
			sourceTree = "<group>";
		};
		925A1B852BA8692700787419 /* Products */ = {
			isa = PBXGroup;
			children = (
				925A1B842BA8692700787419 /* TCANavigation.app */,
				925A1B952BA8692900787419 /* TCANavigationTests.xctest */,
				925A1B9F2BA8692900787419 /* TCANavigationUITests.xctest */,
			);
			name = Products;
			sourceTree = "<group>";
		};
		925A1B862BA8692700787419 /* TCANavigation */ = {
			isa = PBXGroup;
			children = (
				92846B372BA950990069BF38 /* TreeView */,
				92846B2E2BA93C090069BF38 /* StackView */,
				925A1B872BA8692700787419 /* TCANavigationApp.swift */,
				925A1B892BA8692700787419 /* AppView.swift */,
				925A1BB52BA86B9100787419 /* AppFeature.swift */,
				925A1B8B2BA8692800787419 /* Assets.xcassets */,
				925A1B8D2BA8692800787419 /* TCANavigation.entitlements */,
				925A1B8E2BA8692800787419 /* Preview Content */,
			);
			path = TCANavigation;
			sourceTree = "<group>";
		};
		925A1B8E2BA8692800787419 /* Preview Content */ = {
			isa = PBXGroup;
			children = (
				925A1B8F2BA8692800787419 /* Preview Assets.xcassets */,
			);
			path = "Preview Content";
			sourceTree = "<group>";
		};
		925A1B982BA8692900787419 /* TCANavigationTests */ = {
			isa = PBXGroup;
			children = (
				925A1B992BA8692900787419 /* TCANavigationTests.swift */,
			);
			path = TCANavigationTests;
			sourceTree = "<group>";
		};
		925A1BA22BA8692900787419 /* TCANavigationUITests */ = {
			isa = PBXGroup;
			children = (
				925A1BA32BA8692900787419 /* TCANavigationUITests.swift */,
				925A1BA52BA8692900787419 /* TCANavigationUITestsLaunchTests.swift */,
			);
			path = TCANavigationUITests;
			sourceTree = "<group>";
		};
		92846B2E2BA93C090069BF38 /* StackView */ = {
			isa = PBXGroup;
			children = (
				92846B2F2BA93C220069BF38 /* FirstStackView.swift */,
				92846B312BA93C320069BF38 /* FirstStackFeature.swift */,
				92846B332BA93C400069BF38 /* SecondStackView.swift */,
				92846B352BA93C4D0069BF38 /* SecondStackFeature.swift */,
			);
			path = StackView;
			sourceTree = "<group>";
		};
		92846B372BA950990069BF38 /* TreeView */ = {
			isa = PBXGroup;
			children = (
				925A1BB72BA8766E00787419 /* FirstTreeView.swift */,
				925A1BBA2BA8769900787419 /* FirstTreeFeature.swift */,
				925A1BBC2BA876A800787419 /* SecondTreeView.swift */,
				925A1BBE2BA876B200787419 /* SecondTreeFeature.swift */,
			);
			path = TreeView;
			sourceTree = "<group>";
		};
/* End PBXGroup section */

/* Begin PBXNativeTarget section */
		925A1B832BA8692700787419 /* TCANavigation */ = {
			isa = PBXNativeTarget;
			buildConfigurationList = 925A1BA92BA8692900787419 /* Build configuration list for PBXNativeTarget "TCANavigation" */;
			buildPhases = (
				925A1B802BA8692700787419 /* Sources */,
				925A1B812BA8692700787419 /* Frameworks */,
				925A1B822BA8692700787419 /* Resources */,
			);
			buildRules = (
			);
			dependencies = (
			);
			name = TCANavigation;
			packageProductDependencies = (
				925A1BB32BA86A6F00787419 /* ComposableArchitecture */,
			);
			productName = TCANavigation;
			productReference = 925A1B842BA8692700787419 /* TCANavigation.app */;
			productType = "com.apple.product-type.application";
		};
		925A1B942BA8692900787419 /* TCANavigationTests */ = {
			isa = PBXNativeTarget;
			buildConfigurationList = 925A1BAC2BA8692900787419 /* Build configuration list for PBXNativeTarget "TCANavigationTests" */;
			buildPhases = (
				925A1B912BA8692900787419 /* Sources */,
				925A1B922BA8692900787419 /* Frameworks */,
				925A1B932BA8692900787419 /* Resources */,
			);
			buildRules = (
			);
			dependencies = (
				925A1B972BA8692900787419 /* PBXTargetDependency */,
			);
			name = TCANavigationTests;
			productName = TCANavigationTests;
			productReference = 925A1B952BA8692900787419 /* TCANavigationTests.xctest */;
			productType = "com.apple.product-type.bundle.unit-test";
		};
		925A1B9E2BA8692900787419 /* TCANavigationUITests */ = {
			isa = PBXNativeTarget;
			buildConfigurationList = 925A1BAF2BA8692900787419 /* Build configuration list for PBXNativeTarget "TCANavigationUITests" */;
			buildPhases = (
				925A1B9B2BA8692900787419 /* Sources */,
				925A1B9C2BA8692900787419 /* Frameworks */,
				925A1B9D2BA8692900787419 /* Resources */,
			);
			buildRules = (
			);
			dependencies = (
				925A1BA12BA8692900787419 /* PBXTargetDependency */,
			);
			name = TCANavigationUITests;
			productName = TCANavigationUITests;
			productReference = 925A1B9F2BA8692900787419 /* TCANavigationUITests.xctest */;
			productType = "com.apple.product-type.bundle.ui-testing";
		};
/* End PBXNativeTarget section */

/* Begin PBXProject section */
		925A1B7C2BA8692700787419 /* Project object */ = {
			isa = PBXProject;
			attributes = {
				BuildIndependentTargetsInParallel = 1;
				LastSwiftUpdateCheck = 1520;
				LastUpgradeCheck = 1520;
				TargetAttributes = {
					925A1B832BA8692700787419 = {
						CreatedOnToolsVersion = 15.2;
					};
					925A1B942BA8692900787419 = {
						CreatedOnToolsVersion = 15.2;
						TestTargetID = 925A1B832BA8692700787419;
					};
					925A1B9E2BA8692900787419 = {
						CreatedOnToolsVersion = 15.2;
						TestTargetID = 925A1B832BA8692700787419;
					};
				};
			};
			buildConfigurationList = 925A1B7F2BA8692700787419 /* Build configuration list for PBXProject "TCANavigation" */;
			compatibilityVersion = "Xcode 14.0";
			developmentRegion = en;
			hasScannedForEncodings = 0;
			knownRegions = (
				en,
				Base,
			);
			mainGroup = 925A1B7B2BA8692700787419;
			packageReferences = (
				925A1BB22BA86A6F00787419 /* XCRemoteSwiftPackageReference "swift-composable-architecture" */,
			);
			productRefGroup = 925A1B852BA8692700787419 /* Products */;
			projectDirPath = "";
			projectRoot = "";
			targets = (
				925A1B832BA8692700787419 /* TCANavigation */,
				925A1B942BA8692900787419 /* TCANavigationTests */,
				925A1B9E2BA8692900787419 /* TCANavigationUITests */,
			);
		};
/* End PBXProject section */

/* Begin PBXResourcesBuildPhase section */
		925A1B822BA8692700787419 /* Resources */ = {
			isa = PBXResourcesBuildPhase;
			buildActionMask = 2147483647;
			files = (
				925A1B902BA8692800787419 /* Preview Assets.xcassets in Resources */,
				925A1B8C2BA8692800787419 /* Assets.xcassets in Resources */,
			);
			runOnlyForDeploymentPostprocessing = 0;
		};
		925A1B932BA8692900787419 /* Resources */ = {
			isa = PBXResourcesBuildPhase;
			buildActionMask = 2147483647;
			files = (
			);
			runOnlyForDeploymentPostprocessing = 0;
		};
		925A1B9D2BA8692900787419 /* Resources */ = {
			isa = PBXResourcesBuildPhase;
			buildActionMask = 2147483647;
			files = (
			);
			runOnlyForDeploymentPostprocessing = 0;
		};
/* End PBXResourcesBuildPhase section */

/* Begin PBXSourcesBuildPhase section */
		925A1B802BA8692700787419 /* Sources */ = {
			isa = PBXSourcesBuildPhase;
			buildActionMask = 2147483647;
			files = (
				92846B302BA93C220069BF38 /* FirstStackView.swift in Sources */,
				925A1BBD2BA876A800787419 /* SecondTreeView.swift in Sources */,
				925A1BB62BA86B9100787419 /* AppFeature.swift in Sources */,
				92846B342BA93C400069BF38 /* SecondStackView.swift in Sources */,
				925A1BB82BA8766E00787419 /* FirstTreeView.swift in Sources */,
				92846B322BA93C320069BF38 /* FirstStackFeature.swift in Sources */,
				92846B362BA93C4D0069BF38 /* SecondStackFeature.swift in Sources */,
				925A1B8A2BA8692700787419 /* AppView.swift in Sources */,
				925A1B882BA8692700787419 /* TCANavigationApp.swift in Sources */,
				925A1BBF2BA876B200787419 /* SecondTreeFeature.swift in Sources */,
				925A1BBB2BA8769900787419 /* FirstTreeFeature.swift in Sources */,
			);
			runOnlyForDeploymentPostprocessing = 0;
		};
		925A1B912BA8692900787419 /* Sources */ = {
			isa = PBXSourcesBuildPhase;
			buildActionMask = 2147483647;
			files = (
				925A1B9A2BA8692900787419 /* TCANavigationTests.swift in Sources */,
			);
			runOnlyForDeploymentPostprocessing = 0;
		};
		925A1B9B2BA8692900787419 /* Sources */ = {
			isa = PBXSourcesBuildPhase;
			buildActionMask = 2147483647;
			files = (
				925A1BA42BA8692900787419 /* TCANavigationUITests.swift in Sources */,
				925A1BA62BA8692900787419 /* TCANavigationUITestsLaunchTests.swift in Sources */,
			);
			runOnlyForDeploymentPostprocessing = 0;
		};
/* End PBXSourcesBuildPhase section */

/* Begin PBXTargetDependency section */
		925A1B972BA8692900787419 /* PBXTargetDependency */ = {
			isa = PBXTargetDependency;
			target = 925A1B832BA8692700787419 /* TCANavigation */;
			targetProxy = 925A1B962BA8692900787419 /* PBXContainerItemProxy */;
		};
		925A1BA12BA8692900787419 /* PBXTargetDependency */ = {
			isa = PBXTargetDependency;
			target = 925A1B832BA8692700787419 /* TCANavigation */;
			targetProxy = 925A1BA02BA8692900787419 /* PBXContainerItemProxy */;
		};
/* End PBXTargetDependency section */

/* Begin XCBuildConfiguration section */
		925A1BA72BA8692900787419 /* Debug */ = {
			isa = XCBuildConfiguration;
			buildSettings = {
				ALWAYS_SEARCH_USER_PATHS = NO;
				ASSETCATALOG_COMPILER_GENERATE_SWIFT_ASSET_SYMBOL_EXTENSIONS = YES;
				CLANG_ANALYZER_NONNULL = YES;
				CLANG_ANALYZER_NUMBER_OBJECT_CONVERSION = YES_AGGRESSIVE;
				CLANG_CXX_LANGUAGE_STANDARD = "gnu++20";
				CLANG_ENABLE_MODULES = YES;
				CLANG_ENABLE_OBJC_ARC = YES;
				CLANG_ENABLE_OBJC_WEAK = YES;
				CLANG_WARN_BLOCK_CAPTURE_AUTORELEASING = YES;
				CLANG_WARN_BOOL_CONVERSION = YES;
				CLANG_WARN_COMMA = YES;
				CLANG_WARN_CONSTANT_CONVERSION = YES;
				CLANG_WARN_DEPRECATED_OBJC_IMPLEMENTATIONS = YES;
				CLANG_WARN_DIRECT_OBJC_ISA_USAGE = YES_ERROR;
				CLANG_WARN_DOCUMENTATION_COMMENTS = YES;
				CLANG_WARN_EMPTY_BODY = YES;
				CLANG_WARN_ENUM_CONVERSION = YES;
				CLANG_WARN_INFINITE_RECURSION = YES;
				CLANG_WARN_INT_CONVERSION = YES;
				CLANG_WARN_NON_LITERAL_NULL_CONVERSION = YES;
				CLANG_WARN_OBJC_IMPLICIT_RETAIN_SELF = YES;
				CLANG_WARN_OBJC_LITERAL_CONVERSION = YES;
				CLANG_WARN_OBJC_ROOT_CLASS = YES_ERROR;
				CLANG_WARN_QUOTED_INCLUDE_IN_FRAMEWORK_HEADER = YES;
				CLANG_WARN_RANGE_LOOP_ANALYSIS = YES;
				CLANG_WARN_STRICT_PROTOTYPES = YES;
				CLANG_WARN_SUSPICIOUS_MOVE = YES;
				CLANG_WARN_UNGUARDED_AVAILABILITY = YES_AGGRESSIVE;
				CLANG_WARN_UNREACHABLE_CODE = YES;
				CLANG_WARN__DUPLICATE_METHOD_MATCH = YES;
				COPY_PHASE_STRIP = NO;
				DEBUG_INFORMATION_FORMAT = dwarf;
				ENABLE_STRICT_OBJC_MSGSEND = YES;
				ENABLE_TESTABILITY = YES;
				ENABLE_USER_SCRIPT_SANDBOXING = YES;
				GCC_C_LANGUAGE_STANDARD = gnu17;
				GCC_DYNAMIC_NO_PIC = NO;
				GCC_NO_COMMON_BLOCKS = YES;
				GCC_OPTIMIZATION_LEVEL = 0;
				GCC_PREPROCESSOR_DEFINITIONS = (
					"DEBUG=1",
					"$(inherited)",
				);
				GCC_WARN_64_TO_32_BIT_CONVERSION = YES;
				GCC_WARN_ABOUT_RETURN_TYPE = YES_ERROR;
				GCC_WARN_UNDECLARED_SELECTOR = YES;
				GCC_WARN_UNINITIALIZED_AUTOS = YES_AGGRESSIVE;
				GCC_WARN_UNUSED_FUNCTION = YES;
				GCC_WARN_UNUSED_VARIABLE = YES;
				LOCALIZATION_PREFERS_STRING_CATALOGS = YES;
				MTL_ENABLE_DEBUG_INFO = INCLUDE_SOURCE;
				MTL_FAST_MATH = YES;
				ONLY_ACTIVE_ARCH = YES;
				SWIFT_ACTIVE_COMPILATION_CONDITIONS = "DEBUG $(inherited)";
				SWIFT_OPTIMIZATION_LEVEL = "-Onone";
			};
			name = Debug;
		};
		925A1BA82BA8692900787419 /* Release */ = {
			isa = XCBuildConfiguration;
			buildSettings = {
				ALWAYS_SEARCH_USER_PATHS = NO;
				ASSETCATALOG_COMPILER_GENERATE_SWIFT_ASSET_SYMBOL_EXTENSIONS = YES;
				CLANG_ANALYZER_NONNULL = YES;
				CLANG_ANALYZER_NUMBER_OBJECT_CONVERSION = YES_AGGRESSIVE;
				CLANG_CXX_LANGUAGE_STANDARD = "gnu++20";
				CLANG_ENABLE_MODULES = YES;
				CLANG_ENABLE_OBJC_ARC = YES;
				CLANG_ENABLE_OBJC_WEAK = YES;
				CLANG_WARN_BLOCK_CAPTURE_AUTORELEASING = YES;
				CLANG_WARN_BOOL_CONVERSION = YES;
				CLANG_WARN_COMMA = YES;
				CLANG_WARN_CONSTANT_CONVERSION = YES;
				CLANG_WARN_DEPRECATED_OBJC_IMPLEMENTATIONS = YES;
				CLANG_WARN_DIRECT_OBJC_ISA_USAGE = YES_ERROR;
				CLANG_WARN_DOCUMENTATION_COMMENTS = YES;
				CLANG_WARN_EMPTY_BODY = YES;
				CLANG_WARN_ENUM_CONVERSION = YES;
				CLANG_WARN_INFINITE_RECURSION = YES;
				CLANG_WARN_INT_CONVERSION = YES;
				CLANG_WARN_NON_LITERAL_NULL_CONVERSION = YES;
				CLANG_WARN_OBJC_IMPLICIT_RETAIN_SELF = YES;
				CLANG_WARN_OBJC_LITERAL_CONVERSION = YES;
				CLANG_WARN_OBJC_ROOT_CLASS = YES_ERROR;
				CLANG_WARN_QUOTED_INCLUDE_IN_FRAMEWORK_HEADER = YES;
				CLANG_WARN_RANGE_LOOP_ANALYSIS = YES;
				CLANG_WARN_STRICT_PROTOTYPES = YES;
				CLANG_WARN_SUSPICIOUS_MOVE = YES;
				CLANG_WARN_UNGUARDED_AVAILABILITY = YES_AGGRESSIVE;
				CLANG_WARN_UNREACHABLE_CODE = YES;
				CLANG_WARN__DUPLICATE_METHOD_MATCH = YES;
				COPY_PHASE_STRIP = NO;
				DEBUG_INFORMATION_FORMAT = "dwarf-with-dsym";
				ENABLE_NS_ASSERTIONS = NO;
				ENABLE_STRICT_OBJC_MSGSEND = YES;
				ENABLE_USER_SCRIPT_SANDBOXING = YES;
				GCC_C_LANGUAGE_STANDARD = gnu17;
				GCC_NO_COMMON_BLOCKS = YES;
				GCC_WARN_64_TO_32_BIT_CONVERSION = YES;
				GCC_WARN_ABOUT_RETURN_TYPE = YES_ERROR;
				GCC_WARN_UNDECLARED_SELECTOR = YES;
				GCC_WARN_UNINITIALIZED_AUTOS = YES_AGGRESSIVE;
				GCC_WARN_UNUSED_FUNCTION = YES;
				GCC_WARN_UNUSED_VARIABLE = YES;
				LOCALIZATION_PREFERS_STRING_CATALOGS = YES;
				MTL_ENABLE_DEBUG_INFO = NO;
				MTL_FAST_MATH = YES;
				SWIFT_COMPILATION_MODE = wholemodule;
			};
			name = Release;
		};
		925A1BAA2BA8692900787419 /* Debug */ = {
			isa = XCBuildConfiguration;
			buildSettings = {
				ASSETCATALOG_COMPILER_APPICON_NAME = AppIcon;
				ASSETCATALOG_COMPILER_GLOBAL_ACCENT_COLOR_NAME = AccentColor;
				CODE_SIGN_ENTITLEMENTS = TCANavigation/TCANavigation.entitlements;
				CODE_SIGN_STYLE = Automatic;
				CURRENT_PROJECT_VERSION = 1;
				DEVELOPMENT_ASSET_PATHS = "\"TCANavigation/Preview Content\"";
				DEVELOPMENT_TEAM = U2J939S5TH;
				ENABLE_PREVIEWS = YES;
				GENERATE_INFOPLIST_FILE = YES;
				"INFOPLIST_KEY_UIApplicationSceneManifest_Generation[sdk=iphoneos*]" = YES;
				"INFOPLIST_KEY_UIApplicationSceneManifest_Generation[sdk=iphonesimulator*]" = YES;
				"INFOPLIST_KEY_UIApplicationSupportsIndirectInputEvents[sdk=iphoneos*]" = YES;
				"INFOPLIST_KEY_UIApplicationSupportsIndirectInputEvents[sdk=iphonesimulator*]" = YES;
				"INFOPLIST_KEY_UILaunchScreen_Generation[sdk=iphoneos*]" = YES;
				"INFOPLIST_KEY_UILaunchScreen_Generation[sdk=iphonesimulator*]" = YES;
				"INFOPLIST_KEY_UIStatusBarStyle[sdk=iphoneos*]" = UIStatusBarStyleDefault;
				"INFOPLIST_KEY_UIStatusBarStyle[sdk=iphonesimulator*]" = UIStatusBarStyleDefault;
				INFOPLIST_KEY_UISupportedInterfaceOrientations_iPad = "UIInterfaceOrientationPortrait UIInterfaceOrientationPortraitUpsideDown UIInterfaceOrientationLandscapeLeft UIInterfaceOrientationLandscapeRight";
				INFOPLIST_KEY_UISupportedInterfaceOrientations_iPhone = "UIInterfaceOrientationPortrait UIInterfaceOrientationLandscapeLeft UIInterfaceOrientationLandscapeRight";
				IPHONEOS_DEPLOYMENT_TARGET = 17.2;
				LD_RUNPATH_SEARCH_PATHS = "@executable_path/Frameworks";
				"LD_RUNPATH_SEARCH_PATHS[sdk=macosx*]" = "@executable_path/../Frameworks";
				MACOSX_DEPLOYMENT_TARGET = 14.2;
				MARKETING_VERSION = 1.0;
				PRODUCT_BUNDLE_IDENTIFIER = kr.sfox.TCANavigation;
				PRODUCT_NAME = "$(TARGET_NAME)";
				SDKROOT = auto;
				SUPPORTED_PLATFORMS = "iphoneos iphonesimulator macosx";
				SWIFT_EMIT_LOC_STRINGS = YES;
				SWIFT_VERSION = 5.0;
				TARGETED_DEVICE_FAMILY = "1,2";
			};
			name = Debug;
		};
		925A1BAB2BA8692900787419 /* Release */ = {
			isa = XCBuildConfiguration;
			buildSettings = {
				ASSETCATALOG_COMPILER_APPICON_NAME = AppIcon;
				ASSETCATALOG_COMPILER_GLOBAL_ACCENT_COLOR_NAME = AccentColor;
				CODE_SIGN_ENTITLEMENTS = TCANavigation/TCANavigation.entitlements;
				CODE_SIGN_STYLE = Automatic;
				CURRENT_PROJECT_VERSION = 1;
				DEVELOPMENT_ASSET_PATHS = "\"TCANavigation/Preview Content\"";
				DEVELOPMENT_TEAM = U2J939S5TH;
				ENABLE_PREVIEWS = YES;
				GENERATE_INFOPLIST_FILE = YES;
				"INFOPLIST_KEY_UIApplicationSceneManifest_Generation[sdk=iphoneos*]" = YES;
				"INFOPLIST_KEY_UIApplicationSceneManifest_Generation[sdk=iphonesimulator*]" = YES;
				"INFOPLIST_KEY_UIApplicationSupportsIndirectInputEvents[sdk=iphoneos*]" = YES;
				"INFOPLIST_KEY_UIApplicationSupportsIndirectInputEvents[sdk=iphonesimulator*]" = YES;
				"INFOPLIST_KEY_UILaunchScreen_Generation[sdk=iphoneos*]" = YES;
				"INFOPLIST_KEY_UILaunchScreen_Generation[sdk=iphonesimulator*]" = YES;
				"INFOPLIST_KEY_UIStatusBarStyle[sdk=iphoneos*]" = UIStatusBarStyleDefault;
				"INFOPLIST_KEY_UIStatusBarStyle[sdk=iphonesimulator*]" = UIStatusBarStyleDefault;
				INFOPLIST_KEY_UISupportedInterfaceOrientations_iPad = "UIInterfaceOrientationPortrait UIInterfaceOrientationPortraitUpsideDown UIInterfaceOrientationLandscapeLeft UIInterfaceOrientationLandscapeRight";
				INFOPLIST_KEY_UISupportedInterfaceOrientations_iPhone = "UIInterfaceOrientationPortrait UIInterfaceOrientationLandscapeLeft UIInterfaceOrientationLandscapeRight";
				IPHONEOS_DEPLOYMENT_TARGET = 17.2;
				LD_RUNPATH_SEARCH_PATHS = "@executable_path/Frameworks";
				"LD_RUNPATH_SEARCH_PATHS[sdk=macosx*]" = "@executable_path/../Frameworks";
				MACOSX_DEPLOYMENT_TARGET = 14.2;
				MARKETING_VERSION = 1.0;
				PRODUCT_BUNDLE_IDENTIFIER = kr.sfox.TCANavigation;
				PRODUCT_NAME = "$(TARGET_NAME)";
				SDKROOT = auto;
				SUPPORTED_PLATFORMS = "iphoneos iphonesimulator macosx";
				SWIFT_EMIT_LOC_STRINGS = YES;
				SWIFT_VERSION = 5.0;
				TARGETED_DEVICE_FAMILY = "1,2";
			};
			name = Release;
		};
		925A1BAD2BA8692900787419 /* Debug */ = {
			isa = XCBuildConfiguration;
			buildSettings = {
				ALWAYS_EMBED_SWIFT_STANDARD_LIBRARIES = YES;
				BUNDLE_LOADER = "$(TEST_HOST)";
				CODE_SIGN_STYLE = Automatic;
				CURRENT_PROJECT_VERSION = 1;
				GENERATE_INFOPLIST_FILE = YES;
				IPHONEOS_DEPLOYMENT_TARGET = 17.2;
				MACOSX_DEPLOYMENT_TARGET = 14.2;
				MARKETING_VERSION = 1.0;
				PRODUCT_BUNDLE_IDENTIFIER = kr.sfox.TCANavigationTests;
				PRODUCT_NAME = "$(TARGET_NAME)";
				SDKROOT = auto;
				SUPPORTED_PLATFORMS = "iphoneos iphonesimulator macosx";
				SWIFT_EMIT_LOC_STRINGS = NO;
				SWIFT_VERSION = 5.0;
				TARGETED_DEVICE_FAMILY = "1,2";
				TEST_HOST = "$(BUILT_PRODUCTS_DIR)/TCANavigation.app/$(BUNDLE_EXECUTABLE_FOLDER_PATH)/TCANavigation";
			};
			name = Debug;
		};
		925A1BAE2BA8692900787419 /* Release */ = {
			isa = XCBuildConfiguration;
			buildSettings = {
				ALWAYS_EMBED_SWIFT_STANDARD_LIBRARIES = YES;
				BUNDLE_LOADER = "$(TEST_HOST)";
				CODE_SIGN_STYLE = Automatic;
				CURRENT_PROJECT_VERSION = 1;
				GENERATE_INFOPLIST_FILE = YES;
				IPHONEOS_DEPLOYMENT_TARGET = 17.2;
				MACOSX_DEPLOYMENT_TARGET = 14.2;
				MARKETING_VERSION = 1.0;
				PRODUCT_BUNDLE_IDENTIFIER = kr.sfox.TCANavigationTests;
				PRODUCT_NAME = "$(TARGET_NAME)";
				SDKROOT = auto;
				SUPPORTED_PLATFORMS = "iphoneos iphonesimulator macosx";
				SWIFT_EMIT_LOC_STRINGS = NO;
				SWIFT_VERSION = 5.0;
				TARGETED_DEVICE_FAMILY = "1,2";
				TEST_HOST = "$(BUILT_PRODUCTS_DIR)/TCANavigation.app/$(BUNDLE_EXECUTABLE_FOLDER_PATH)/TCANavigation";
			};
			name = Release;
		};
		925A1BB02BA8692900787419 /* Debug */ = {
			isa = XCBuildConfiguration;
			buildSettings = {
				ALWAYS_EMBED_SWIFT_STANDARD_LIBRARIES = YES;
				CODE_SIGN_STYLE = Automatic;
				CURRENT_PROJECT_VERSION = 1;
				GENERATE_INFOPLIST_FILE = YES;
				IPHONEOS_DEPLOYMENT_TARGET = 17.2;
				MACOSX_DEPLOYMENT_TARGET = 14.2;
				MARKETING_VERSION = 1.0;
				PRODUCT_BUNDLE_IDENTIFIER = kr.sfox.TCANavigationUITests;
				PRODUCT_NAME = "$(TARGET_NAME)";
				SDKROOT = auto;
				SUPPORTED_PLATFORMS = "iphoneos iphonesimulator macosx";
				SWIFT_EMIT_LOC_STRINGS = NO;
				SWIFT_VERSION = 5.0;
				TARGETED_DEVICE_FAMILY = "1,2";
				TEST_TARGET_NAME = TCANavigation;
			};
			name = Debug;
		};
		925A1BB12BA8692900787419 /* Release */ = {
			isa = XCBuildConfiguration;
			buildSettings = {
				ALWAYS_EMBED_SWIFT_STANDARD_LIBRARIES = YES;
				CODE_SIGN_STYLE = Automatic;
				CURRENT_PROJECT_VERSION = 1;
				GENERATE_INFOPLIST_FILE = YES;
				IPHONEOS_DEPLOYMENT_TARGET = 17.2;
				MACOSX_DEPLOYMENT_TARGET = 14.2;
				MARKETING_VERSION = 1.0;
				PRODUCT_BUNDLE_IDENTIFIER = kr.sfox.TCANavigationUITests;
				PRODUCT_NAME = "$(TARGET_NAME)";
				SDKROOT = auto;
				SUPPORTED_PLATFORMS = "iphoneos iphonesimulator macosx";
				SWIFT_EMIT_LOC_STRINGS = NO;
				SWIFT_VERSION = 5.0;
				TARGETED_DEVICE_FAMILY = "1,2";
				TEST_TARGET_NAME = TCANavigation;
			};
			name = Release;
		};
/* End XCBuildConfiguration section */

/* Begin XCConfigurationList section */
		925A1B7F2BA8692700787419 /* Build configuration list for PBXProject "TCANavigation" */ = {
			isa = XCConfigurationList;
			buildConfigurations = (
				925A1BA72BA8692900787419 /* Debug */,
				925A1BA82BA8692900787419 /* Release */,
			);
			defaultConfigurationIsVisible = 0;
			defaultConfigurationName = Release;
		};
		925A1BA92BA8692900787419 /* Build configuration list for PBXNativeTarget "TCANavigation" */ = {
			isa = XCConfigurationList;
			buildConfigurations = (
				925A1BAA2BA8692900787419 /* Debug */,
				925A1BAB2BA8692900787419 /* Release */,
			);
			defaultConfigurationIsVisible = 0;
			defaultConfigurationName = Release;
		};
		925A1BAC2BA8692900787419 /* Build configuration list for PBXNativeTarget "TCANavigationTests" */ = {
			isa = XCConfigurationList;
			buildConfigurations = (
				925A1BAD2BA8692900787419 /* Debug */,
				925A1BAE2BA8692900787419 /* Release */,
			);
			defaultConfigurationIsVisible = 0;
			defaultConfigurationName = Release;
		};
		925A1BAF2BA8692900787419 /* Build configuration list for PBXNativeTarget "TCANavigationUITests" */ = {
			isa = XCConfigurationList;
			buildConfigurations = (
				925A1BB02BA8692900787419 /* Debug */,
				925A1BB12BA8692900787419 /* Release */,
			);
			defaultConfigurationIsVisible = 0;
			defaultConfigurationName = Release;
		};
/* End XCConfigurationList section */

/* Begin XCRemoteSwiftPackageReference section */
		925A1BB22BA86A6F00787419 /* XCRemoteSwiftPackageReference "swift-composable-architecture" */ = {
			isa = XCRemoteSwiftPackageReference;
			repositoryURL = "https://github.com/pointfreeco/swift-composable-architecture";
			requirement = {
				kind = upToNextMinorVersion;
				minimumVersion = 1.9.2;
			};
		};
/* End XCRemoteSwiftPackageReference section */

/* Begin XCSwiftPackageProductDependency section */
		925A1BB32BA86A6F00787419 /* ComposableArchitecture */ = {
			isa = XCSwiftPackageProductDependency;
			package = 925A1BB22BA86A6F00787419 /* XCRemoteSwiftPackageReference "swift-composable-architecture" */;
			productName = ComposableArchitecture;
		};
/* End XCSwiftPackageProductDependency section */
	};
	rootObject = 925A1B7C2BA8692700787419 /* Project object */;
}
